
Microsoft Visual Studio Solution File, Format Version 12.00
# Visual Studio Version 17
VisualStudioVersion = 17.5.33516.290
MinimumVisualStudioVersion = 10.0.40219.1
Project("{FAE04EC0-301F-11D3-BF4B-00C04F79EFBC}") = "Azalea", "Azalea\Azalea.csproj", "{38689BE4-5B41-4D24-A581-1BC302DF0D85}"
EndProject
Global
	GlobalSection(SolutionConfigurationPlatforms) = preSolution
		Debug|Any CPU = Debug|Any CPU
		Release|Any CPU = Release|Any CPU
	EndGlobalSection
	GlobalSection(ProjectConfigurationPlatforms) = postSolution
		{38689BE4-5B41-4D24-A581-1BC302DF0D85}.Debug|Any CPU.ActiveCfg = Debug|Any CPU
		{38689BE4-5B41-4D24-A581-1BC302DF0D85}.Debug|Any CPU.Build.0 = Debug|Any CPU
		{38689BE4-5B41-4D24-A581-1BC302DF0D85}.Release|Any CPU.ActiveCfg = Release|Any CPU
		{38689BE4-5B41-4D24-A581-1BC302DF0D85}.Release|Any CPU.Build.0 = Release|Any CPU
	EndGlobalSection
	GlobalSection(SolutionProperties) = preSolution
		HideSolutionNode = FALSE
	EndGlobalSection
	GlobalSection(ExtensibilityGlobals) = postSolution
		SolutionGuid = {52B4D8BA-D1FA-4C38-969A-D8A356B93AA6}
	EndGlobalSection
EndGlobal
